{
  "name": "roulette-board",
  "version": "1.0.0",
  "lockfileVersion": 3,
  "requires": true,
  "packages": {
    "": {
      "name": "roulette-board",
      "version": "1.0.0",
      "license": "ISC",
      "dependencies": {
        "@g.t.georgiev/pubsub": "^1.0.0"
      }
    },
    "node_modules/@g.t.georgiev/pubsub": {
      "version": "1.0.6",
      "resolved": "https://registry.npmjs.org/@g.t.georgiev/pubsub/-/pubsub-1.0.6.tgz",
      "integrity": "sha512-KroZFj3b0qY8BrJSzp2j2Z79JlfdFpe7ul03yPyvpcs6BwJpdY2vqBLTcJuojsROW0ZUmoVqdcgNS9dm1Tq+8g=="
    }
  }
}
