{
  "name": "roulette-board",
  "version": "1.0.0",
  "lockfileVersion": 3,
  "requires": true,
  "packages": {
    "": {
      "name": "roulette-board",
      "version": "1.0.0",
      "license": "ISC",
      "dependencies": {
        "@g.t.georgiev/foreachof": "^1.0.1",
        "@g.t.georgiev/pubsub": "^1.0.0"
      }
    },
    "node_modules/@g.t.georgiev/foreachof": {
      "version": "1.0.1",
      "resolved": "https://registry.npmjs.org/@g.t.georgiev/foreachof/-/foreachof-1.0.1.tgz",
      "integrity": "sha512-S+caVvBmcpJJRRmjMFF+uvARA4S+teD5IsceiBO8LbMVrdO4fsNccCZTAoBhJj4x4BQrx+oxA3MkTE3FKlsaMQ=="
    },
    "node_modules/@g.t.georgiev/pubsub": {
      "version": "1.0.7",
      "resolved": "https://registry.npmjs.org/@g.t.georgiev/pubsub/-/pubsub-1.0.7.tgz",
      "integrity": "sha512-Z4t5m3fyyvpznR16DrB3KO5hWRmrPbW9Gm6E9cwBSHei45Ve3j9jGP0EfGvr4si/0UP4eOAFrN4BHRrX7iizLQ=="
    }
  }
}
