{
  "name": "roulette-board",
  "version": "1.0.0",
  "lockfileVersion": 3,
  "requires": true,
  "packages": {
    "": {
      "name": "roulette-board",
      "version": "1.0.0",
      "license": "ISC",
      "dependencies": {
        "@g.t.georgiev/pubsub": "^1.0.0"
      }
    },
    "node_modules/@g.t.georgiev/pubsub": {
      "version": "1.0.0",
      "resolved": "https://registry.npmjs.org/@g.t.georgiev/pubsub/-/pubsub-1.0.0.tgz",
      "integrity": "sha512-nUaZgy2UTbASao52IQN1RIcBuTgtyPs4n8Z/eT5yMSuUsQ7ZpDWuctOhrMQc6iUtm86x9279k1gBxJMavbAl8w=="
    }
  }
}
